
Microsoft Visual Studio Solution File, Format Version 12.00
# Visual Studio 2012
Project("{2150E333-8FDC-42A3-9474-1A3956D46DE8}") = "Solution Items", "Solution Items", "{81727AC2-6867-4762-97E7-6A2DEBB7323E}"
EndProject
Project("{888888A0-9F3D-457C-B088-3A5042F75D52}") = "smack", "smack.pyproj", "{B1ABED0F-DA9F-43F1-AF5F-205E4781EFF3}"
EndProject
Global
	GlobalSection(SolutionConfigurationPlatforms) = preSolution
		Debug|Any CPU = Debug|Any CPU
		Release|Any CPU = Release|Any CPU
	EndGlobalSection
	GlobalSection(ProjectConfigurationPlatforms) = postSolution
		{B1ABED0F-DA9F-43F1-AF5F-205E4781EFF3}.Debug|Any CPU.ActiveCfg = Debug|Any CPU
		{B1ABED0F-DA9F-43F1-AF5F-205E4781EFF3}.Debug|Any CPU.Build.0 = Debug|Any CPU
		{B1ABED0F-DA9F-43F1-AF5F-205E4781EFF3}.Release|Any CPU.ActiveCfg = Release|Any CPU
		{B1ABED0F-DA9F-43F1-AF5F-205E4781EFF3}.Release|Any CPU.Build.0 = Release|Any CPU
	EndGlobalSection
	GlobalSection(SolutionProperties) = preSolution
		HideSolutionNode = FALSE
	EndGlobalSection
	GlobalSection(NestedProjects) = preSolution
		{B1ABED0F-DA9F-43F1-AF5F-205E4781EFF3} = {81727AC2-6867-4762-97E7-6A2DEBB7323E}
	EndGlobalSection
EndGlobal
